// !$*UTF8*$!
{
	archiveVersion = 1;
	classes = {
	};
	objectVersion = 77;
	objects = {

/* Begin PBXBuildFile section */
		06FEE2112E16CE1A00CC284A /* LoginView.swift in Sources */ = {isa = PBXBuildFile; fileRef = 06FEE2102E16CE1A00CC284A /* LoginView.swift */; };
		06FEE2142E16D4DE00CC284A /* FirebaseAuth in Frameworks */ = {isa = PBXBuildFile; productRef = 06FEE2132E16D4DE00CC284A /* FirebaseAuth */; };
		06FEE2162E16D4DE00CC284A /* FirebaseCore in Frameworks */ = {isa = PBXBuildFile; productRef = 06FEE2152E16D4DE00CC284A /* FirebaseCore */; };
		06FEE2182E16D4DE00CC284A /* FirebaseFirestore in Frameworks */ = {isa = PBXBuildFile; productRef = 06FEE2172E16D4DE00CC284A /* FirebaseFirestore */; };
		D109E00FC7B24794912FC72D /* Pods_Kayak_Rez.framework in Frameworks */ = {isa = PBXBuildFile; fileRef = 6613C8684C97FB27AF82B7F6 /* Pods_Kayak_Rez.framework */; };
/* End PBXBuildFile section */

/* Begin PBXContainerItemProxy section */
		06FEE1F22E16CB8500CC284A /* PBXContainerItemProxy */ = {
			isa = PBXContainerItemProxy;
			containerPortal = 06FEE1DB2E16CB8300CC284A /* Project object */;
			proxyType = 1;
			remoteGlobalIDString = 06FEE1E22E16CB8300CC284A;
			remoteInfo = "Kayak Rez";
		};
		06FEE1FC2E16CB8500CC284A /* PBXContainerItemProxy */ = {
			isa = PBXContainerItemProxy;
			containerPortal = 06FEE1DB2E16CB8300CC284A /* Project object */;
			proxyType = 1;
			remoteGlobalIDString = 06FEE1E22E16CB8300CC284A;
			remoteInfo = "Kayak Rez";
		};
/* End PBXContainerItemProxy section */

/* Begin PBXFileReference section */
		06FEE1E32E16CB8300CC284A /* Kayak Rez.app */ = {isa = PBXFileReference; explicitFileType = wrapper.application; includeInIndex = 0; path = "Kayak Rez.app"; sourceTree = BUILT_PRODUCTS_DIR; };
		06FEE1F12E16CB8500CC284A /* Kayak RezTests.xctest */ = {isa = PBXFileReference; explicitFileType = wrapper.cfbundle; includeInIndex = 0; path = "Kayak RezTests.xctest"; sourceTree = BUILT_PRODUCTS_DIR; };
		06FEE1FB2E16CB8500CC284A /* Kayak RezUITests.xctest */ = {isa = PBXFileReference; explicitFileType = wrapper.cfbundle; includeInIndex = 0; path = "Kayak RezUITests.xctest"; sourceTree = BUILT_PRODUCTS_DIR; };
		06FEE2102E16CE1A00CC284A /* LoginView.swift */ = {isa = PBXFileReference; lastKnownFileType = sourcecode.swift; path = LoginView.swift; sourceTree = "<group>"; };
		20ABD1F4F8EDB6D17E7239A1 /* Pods-Kayak Rez.release.xcconfig */ = {isa = PBXFileReference; includeInIndex = 1; lastKnownFileType = text.xcconfig; name = "Pods-Kayak Rez.release.xcconfig"; path = "Target Support Files/Pods-Kayak Rez/Pods-Kayak Rez.release.xcconfig"; sourceTree = "<group>"; };
		6613C8684C97FB27AF82B7F6 /* Pods_Kayak_Rez.framework */ = {isa = PBXFileReference; explicitFileType = wrapper.framework; includeInIndex = 0; path = Pods_Kayak_Rez.framework; sourceTree = BUILT_PRODUCTS_DIR; };
		BDD88A3045F32F4097B42E4F /* Pods-Kayak Rez.debug.xcconfig */ = {isa = PBXFileReference; includeInIndex = 1; lastKnownFileType = text.xcconfig; name = "Pods-Kayak Rez.debug.xcconfig"; path = "Target Support Files/Pods-Kayak Rez/Pods-Kayak Rez.debug.xcconfig"; sourceTree = "<group>"; };
/* End PBXFileReference section */

/* Begin PBXFileSystemSynchronizedRootGroup section */
		06FEE1E52E16CB8300CC284A /* Kayak Rez */ = {
			isa = PBXFileSystemSynchronizedRootGroup;
			exceptions = (
			);
			path = "Kayak Rez";
			sourceTree = "<group>";
		};
		06FEE1F42E16CB8500CC284A /* Kayak RezTests */ = {
			isa = PBXFileSystemSynchronizedRootGroup;
			exceptions = (
			);
			path = "Kayak RezTests";
			sourceTree = "<group>";
		};
		06FEE1FE2E16CB8500CC284A /* Kayak RezUITests */ = {
			isa = PBXFileSystemSynchronizedRootGroup;
			exceptions = (
			);
			path = "Kayak RezUITests";
			sourceTree = "<group>";
		};
/* End PBXFileSystemSynchronizedRootGroup section */

/* Begin PBXFrameworksBuildPhase section */
		06FEE1E02E16CB8300CC284A /* Frameworks */ = {
			isa = PBXFrameworksBuildPhase;
			buildActionMask = 2147483647;
			files = (
				06FEE2162E16D4DE00CC284A /* FirebaseCore in Frameworks */,
				06FEE2142E16D4DE00CC284A /* FirebaseAuth in Frameworks */,
				06FEE2182E16D4DE00CC284A /* FirebaseFirestore in Frameworks */,
				D109E00FC7B24794912FC72D /* Pods_Kayak_Rez.framework in Frameworks */,
			);
			runOnlyForDeploymentPostprocessing = 0;
		};
		06FEE1EE2E16CB8500CC284A /* Frameworks */ = {
			isa = PBXFrameworksBuildPhase;
			buildActionMask = 2147483647;
			files = (
			);
			runOnlyForDeploymentPostprocessing = 0;
		};
		06FEE1F82E16CB8500CC284A /* Frameworks */ = {
			isa = PBXFrameworksBuildPhase;
			buildActionMask = 2147483647;
			files = (
			);
			runOnlyForDeploymentPostprocessing = 0;
		};
/* End PBXFrameworksBuildPhase section */

/* Begin PBXGroup section */
		06FEE1DA2E16CB8300CC284A = {
			isa = PBXGroup;
			children = (
				06FEE2102E16CE1A00CC284A /* LoginView.swift */,
				06FEE1E52E16CB8300CC284A /* Kayak Rez */,
				06FEE1F42E16CB8500CC284A /* Kayak RezTests */,
				06FEE1FE2E16CB8500CC284A /* Kayak RezUITests */,
				06FEE1E42E16CB8300CC284A /* Products */,
				308DC6EBBB45AC7C7795868B /* Pods */,
				3F3389258F973284C7B5B02D /* Frameworks */,
			);
			sourceTree = "<group>";
		};
		06FEE1E42E16CB8300CC284A /* Products */ = {
			isa = PBXGroup;
			children = (
				06FEE1E32E16CB8300CC284A /* Kayak Rez.app */,
				06FEE1F12E16CB8500CC284A /* Kayak RezTests.xctest */,
				06FEE1FB2E16CB8500CC284A /* Kayak RezUITests.xctest */,
			);
			name = Products;
			sourceTree = "<group>";
		};
		308DC6EBBB45AC7C7795868B /* Pods */ = {
			isa = PBXGroup;
			children = (
				BDD88A3045F32F4097B42E4F /* Pods-Kayak Rez.debug.xcconfig */,
				20ABD1F4F8EDB6D17E7239A1 /* Pods-Kayak Rez.release.xcconfig */,
			);
			name = Pods;
			path = Pods;
			sourceTree = "<group>";
		};
		3F3389258F973284C7B5B02D /* Frameworks */ = {
			isa = PBXGroup;
			children = (
				6613C8684C97FB27AF82B7F6 /* Pods_Kayak_Rez.framework */,
			);
			name = Frameworks;
			sourceTree = "<group>";
		};
/* End PBXGroup section */

/* Begin PBXNativeTarget section */
		06FEE1E22E16CB8300CC284A /* Kayak Rez */ = {
			isa = PBXNativeTarget;
			buildConfigurationList = 06FEE2052E16CB8500CC284A /* Build configuration list for PBXNativeTarget "Kayak Rez" */;
			buildPhases = (
				5F3A5A5B31AD444ED1EB37C7 /* [CP] Check Pods Manifest.lock */,
				06FEE1DF2E16CB8300CC284A /* Sources */,
				06FEE1E02E16CB8300CC284A /* Frameworks */,
				06FEE1E12E16CB8300CC284A /* Resources */,
				E8A10EF5081D8D60CE07BFEC /* [CP] Embed Pods Frameworks */,
			);
			buildRules = (
			);
			dependencies = (
			);
			fileSystemSynchronizedGroups = (
				06FEE1E52E16CB8300CC284A /* Kayak Rez */,
			);
			name = "Kayak Rez";
			packageProductDependencies = (
				06FEE2132E16D4DE00CC284A /* FirebaseAuth */,
				06FEE2152E16D4DE00CC284A /* FirebaseCore */,
				06FEE2172E16D4DE00CC284A /* FirebaseFirestore */,
			);
			productName = "Kayak Rez";
			productReference = 06FEE1E32E16CB8300CC284A /* Kayak Rez.app */;
			productType = "com.apple.product-type.application";
		};
		06FEE1F02E16CB8500CC284A /* Kayak RezTests */ = {
			isa = PBXNativeTarget;
			buildConfigurationList = 06FEE2082E16CB8500CC284A /* Build configuration list for PBXNativeTarget "Kayak RezTests" */;
			buildPhases = (
				06FEE1ED2E16CB8500CC284A /* Sources */,
				06FEE1EE2E16CB8500CC284A /* Frameworks */,
				06FEE1EF2E16CB8500CC284A /* Resources */,
			);
			buildRules = (
			);
			dependencies = (
				06FEE1F32E16CB8500CC284A /* PBXTargetDependency */,
			);
			fileSystemSynchronizedGroups = (
				06FEE1F42E16CB8500CC284A /* Kayak RezTests */,
			);
			name = "Kayak RezTests";
			productName = "Kayak RezTests";
			productReference = 06FEE1F12E16CB8500CC284A /* Kayak RezTests.xctest */;
			productType = "com.apple.product-type.bundle.unit-test";
		};
		06FEE1FA2E16CB8500CC284A /* Kayak RezUITests */ = {
			isa = PBXNativeTarget;
			buildConfigurationList = 06FEE20B2E16CB8500CC284A /* Build configuration list for PBXNativeTarget "Kayak RezUITests" */;
			buildPhases = (
				06FEE1F72E16CB8500CC284A /* Sources */,
				06FEE1F82E16CB8500CC284A /* Frameworks */,
				06FEE1F92E16CB8500CC284A /* Resources */,
			);
			buildRules = (
			);
			dependencies = (
				06FEE1FD2E16CB8500CC284A /* PBXTargetDependency */,
			);
			fileSystemSynchronizedGroups = (
				06FEE1FE2E16CB8500CC284A /* Kayak RezUITests */,
			);
			name = "Kayak RezUITests";
			productName = "Kayak RezUITests";
			productReference = 06FEE1FB2E16CB8500CC284A /* Kayak RezUITests.xctest */;
			productType = "com.apple.product-type.bundle.ui-testing";
		};
/* End PBXNativeTarget section */

/* Begin PBXProject section */
		06FEE1DB2E16CB8300CC284A /* Project object */ = {
			isa = PBXProject;
			attributes = {
				BuildIndependentTargetsInParallel = 1;
				LastSwiftUpdateCheck = 1640;
				LastUpgradeCheck = 1640;
				TargetAttributes = {
					06FEE1E22E16CB8300CC284A = {
						CreatedOnToolsVersion = 16.4;
					};
					06FEE1F02E16CB8500CC284A = {
						CreatedOnToolsVersion = 16.4;
						TestTargetID = 06FEE1E22E16CB8300CC284A;
					};
					06FEE1FA2E16CB8500CC284A = {
						CreatedOnToolsVersion = 16.4;
						TestTargetID = 06FEE1E22E16CB8300CC284A;
					};
				};
			};
			buildConfigurationList = 06FEE1DE2E16CB8300CC284A /* Build configuration list for PBXProject "Kayak Rez" */;
			developmentRegion = en;
			hasScannedForEncodings = 0;
			knownRegions = (
				en,
				Base,
			);
			mainGroup = 06FEE1DA2E16CB8300CC284A;
			minimizedProjectReferenceProxies = 1;
			packageReferences = (
				06FEE2122E16D4DE00CC284A /* XCRemoteSwiftPackageReference "firebase-ios-sdk" */,
			);
			preferredProjectObjectVersion = 77;
			productRefGroup = 06FEE1E42E16CB8300CC284A /* Products */;
			projectDirPath = "";
			projectRoot = "";
			targets = (
				06FEE1E22E16CB8300CC284A /* Kayak Rez */,
				06FEE1F02E16CB8500CC284A /* Kayak RezTests */,
				06FEE1FA2E16CB8500CC284A /* Kayak RezUITests */,
			);
		};
/* End PBXProject section */

/* Begin PBXResourcesBuildPhase section */
		06FEE1E12E16CB8300CC284A /* Resources */ = {
			isa = PBXResourcesBuildPhase;
			buildActionMask = 2147483647;
			files = (
			);
			runOnlyForDeploymentPostprocessing = 0;
		};
		06FEE1EF2E16CB8500CC284A /* Resources */ = {
			isa = PBXResourcesBuildPhase;
			buildActionMask = 2147483647;
			files = (
			);
			runOnlyForDeploymentPostprocessing = 0;
		};
		06FEE1F92E16CB8500CC284A /* Resources */ = {
			isa = PBXResourcesBuildPhase;
			buildActionMask = 2147483647;
			files = (
			);
			runOnlyForDeploymentPostprocessing = 0;
		};
/* End PBXResourcesBuildPhase section */

/* Begin PBXShellScriptBuildPhase section */
		5F3A5A5B31AD444ED1EB37C7 /* [CP] Check Pods Manifest.lock */ = {
			isa = PBXShellScriptBuildPhase;
			buildActionMask = 2147483647;
			files = (
			);
			inputFileListPaths = (
			);
			inputPaths = (
				"${PODS_PODFILE_DIR_PATH}/Podfile.lock",
				"${PODS_ROOT}/Manifest.lock",
			);
			name = "[CP] Check Pods Manifest.lock";
			outputFileListPaths = (
			);
			outputPaths = (
				"$(DERIVED_FILE_DIR)/Pods-Kayak Rez-checkManifestLockResult.txt",
			);
			runOnlyForDeploymentPostprocessing = 0;
			shellPath = /bin/sh;
			shellScript = "diff \"${PODS_PODFILE_DIR_PATH}/Podfile.lock\" \"${PODS_ROOT}/Manifest.lock\" > /dev/null\nif [ $? != 0 ] ; then\n    # print error to STDERR\n    echo \"error: The sandbox is not in sync with the Podfile.lock. Run 'pod install' or update your CocoaPods installation.\" >&2\n    exit 1\nfi\n# This output is used by Xcode 'outputs' to avoid re-running this script phase.\necho \"SUCCESS\" > \"${SCRIPT_OUTPUT_FILE_0}\"\n";
			showEnvVarsInLog = 0;
		};
		E8A10EF5081D8D60CE07BFEC /* [CP] Embed Pods Frameworks */ = {
			isa = PBXShellScriptBuildPhase;
			buildActionMask = 2147483647;
			files = (
			);
			inputFileListPaths = (
				"${PODS_ROOT}/Target Support Files/Pods-Kayak Rez/Pods-Kayak Rez-frameworks-${CONFIGURATION}-input-files.xcfilelist",
			);
			name = "[CP] Embed Pods Frameworks";
			outputFileListPaths = (
				"${PODS_ROOT}/Target Support Files/Pods-Kayak Rez/Pods-Kayak Rez-frameworks-${CONFIGURATION}-output-files.xcfilelist",
			);
			runOnlyForDeploymentPostprocessing = 0;
			shellPath = /bin/sh;
			shellScript = "\"${PODS_ROOT}/Target Support Files/Pods-Kayak Rez/Pods-Kayak Rez-frameworks.sh\"\n";
			showEnvVarsInLog = 0;
		};
/* End PBXShellScriptBuildPhase section */

/* Begin PBXSourcesBuildPhase section */
		06FEE1DF2E16CB8300CC284A /* Sources */ = {
			isa = PBXSourcesBuildPhase;
			buildActionMask = 2147483647;
			files = (
				06FEE2112E16CE1A00CC284A /* LoginView.swift in Sources */,
			);
			runOnlyForDeploymentPostprocessing = 0;
		};
		06FEE1ED2E16CB8500CC284A /* Sources */ = {
			isa = PBXSourcesBuildPhase;
			buildActionMask = 2147483647;
			files = (
			);
			runOnlyForDeploymentPostprocessing = 0;
		};
		06FEE1F72E16CB8500CC284A /* Sources */ = {
			isa = PBXSourcesBuildPhase;
			buildActionMask = 2147483647;
			files = (
			);
			runOnlyForDeploymentPostprocessing = 0;
		};
/* End PBXSourcesBuildPhase section */

/* Begin PBXTargetDependency section */
		06FEE1F32E16CB8500CC284A /* PBXTargetDependency */ = {
			isa = PBXTargetDependency;
			target = 06FEE1E22E16CB8300CC284A /* Kayak Rez */;
			targetProxy = 06FEE1F22E16CB8500CC284A /* PBXContainerItemProxy */;
		};
		06FEE1FD2E16CB8500CC284A /* PBXTargetDependency */ = {
			isa = PBXTargetDependency;
			target = 06FEE1E22E16CB8300CC284A /* Kayak Rez */;
			targetProxy = 06FEE1FC2E16CB8500CC284A /* PBXContainerItemProxy */;
		};
/* End PBXTargetDependency section */

/* Begin XCBuildConfiguration section */
		06FEE2032E16CB8500CC284A /* Debug */ = {
			isa = XCBuildConfiguration;
			buildSettings = {
				ALWAYS_SEARCH_USER_PATHS = NO;
				ASSETCATALOG_COMPILER_GENERATE_SWIFT_ASSET_SYMBOL_EXTENSIONS = YES;
				CLANG_ANALYZER_NONNULL = YES;
				CLANG_ANALYZER_NUMBER_OBJECT_CONVERSION = YES_AGGRESSIVE;
				CLANG_CXX_LANGUAGE_STANDARD = "gnu++20";
				CLANG_ENABLE_MODULES = YES;
				CLANG_ENABLE_OBJC_ARC = YES;
				CLANG_ENABLE_OBJC_WEAK = YES;
				CLANG_WARN_BLOCK_CAPTURE_AUTORELEASING = YES;
				CLANG_WARN_BOOL_CONVERSION = YES;
				CLANG_WARN_COMMA = YES;
				CLANG_WARN_CONSTANT_CONVERSION = YES;
				CLANG_WARN_DEPRECATED_OBJC_IMPLEMENTATIONS = YES;
				CLANG_WARN_DIRECT_OBJC_ISA_USAGE = YES_ERROR;
				CLANG_WARN_DOCUMENTATION_COMMENTS = YES;
				CLANG_WARN_EMPTY_BODY = YES;
				CLANG_WARN_ENUM_CONVERSION = YES;
				CLANG_WARN_INFINITE_RECURSION = YES;
				CLANG_WARN_INT_CONVERSION = YES;
				CLANG_WARN_NON_LITERAL_NULL_CONVERSION = YES;
				CLANG_WARN_OBJC_IMPLICIT_RETAIN_SELF = YES;
				CLANG_WARN_OBJC_LITERAL_CONVERSION = YES;
				CLANG_WARN_OBJC_ROOT_CLASS = YES_ERROR;
				CLANG_WARN_QUOTED_INCLUDE_IN_FRAMEWORK_HEADER = YES;
				CLANG_WARN_RANGE_LOOP_ANALYSIS = YES;
				CLANG_WARN_STRICT_PROTOTYPES = YES;
				CLANG_WARN_SUSPICIOUS_MOVE = YES;
				CLANG_WARN_UNGUARDED_AVAILABILITY = YES_AGGRESSIVE;
				CLANG_WARN_UNREACHABLE_CODE = YES;
				CLANG_WARN__DUPLICATE_METHOD_MATCH = YES;
				COPY_PHASE_STRIP = NO;
				DEBUG_INFORMATION_FORMAT = dwarf;
				ENABLE_STRICT_OBJC_MSGSEND = YES;
				ENABLE_TESTABILITY = YES;
				ENABLE_USER_SCRIPT_SANDBOXING = YES;
				GCC_C_LANGUAGE_STANDARD = gnu17;
				GCC_DYNAMIC_NO_PIC = NO;
				GCC_NO_COMMON_BLOCKS = YES;
				GCC_OPTIMIZATION_LEVEL = 0;
				GCC_PREPROCESSOR_DEFINITIONS = (
					"DEBUG=1",
					"$(inherited)",
				);
				GCC_WARN_64_TO_32_BIT_CONVERSION = YES;
				GCC_WARN_ABOUT_RETURN_TYPE = YES_ERROR;
				GCC_WARN_UNDECLARED_SELECTOR = YES;
				GCC_WARN_UNINITIALIZED_AUTOS = YES_AGGRESSIVE;
				GCC_WARN_UNUSED_FUNCTION = YES;
				GCC_WARN_UNUSED_VARIABLE = YES;
				LOCALIZATION_PREFERS_STRING_CATALOGS = YES;
				MTL_ENABLE_DEBUG_INFO = INCLUDE_SOURCE;
				MTL_FAST_MATH = YES;
				ONLY_ACTIVE_ARCH = YES;
				SWIFT_ACTIVE_COMPILATION_CONDITIONS = "DEBUG $(inherited)";
				SWIFT_OPTIMIZATION_LEVEL = "-Onone";
			};
			name = Debug;
		};
		06FEE2042E16CB8500CC284A /* Release */ = {
			isa = XCBuildConfiguration;
			buildSettings = {
				ALWAYS_SEARCH_USER_PATHS = NO;
				ASSETCATALOG_COMPILER_GENERATE_SWIFT_ASSET_SYMBOL_EXTENSIONS = YES;
				CLANG_ANALYZER_NONNULL = YES;
				CLANG_ANALYZER_NUMBER_OBJECT_CONVERSION = YES_AGGRESSIVE;
				CLANG_CXX_LANGUAGE_STANDARD = "gnu++20";
				CLANG_ENABLE_MODULES = YES;
				CLANG_ENABLE_OBJC_ARC = YES;
				CLANG_ENABLE_OBJC_WEAK = YES;
				CLANG_WARN_BLOCK_CAPTURE_AUTORELEASING = YES;
				CLANG_WARN_BOOL_CONVERSION = YES;
				CLANG_WARN_COMMA = YES;
				CLANG_WARN_CONSTANT_CONVERSION = YES;
				CLANG_WARN_DEPRECATED_OBJC_IMPLEMENTATIONS = YES;
				CLANG_WARN_DIRECT_OBJC_ISA_USAGE = YES_ERROR;
				CLANG_WARN_DOCUMENTATION_COMMENTS = YES;
				CLANG_WARN_EMPTY_BODY = YES;
				CLANG_WARN_ENUM_CONVERSION = YES;
				CLANG_WARN_INFINITE_RECURSION = YES;
				CLANG_WARN_INT_CONVERSION = YES;
				CLANG_WARN_NON_LITERAL_NULL_CONVERSION = YES;
				CLANG_WARN_OBJC_IMPLICIT_RETAIN_SELF = YES;
				CLANG_WARN_OBJC_LITERAL_CONVERSION = YES;
				CLANG_WARN_OBJC_ROOT_CLASS = YES_ERROR;
				CLANG_WARN_QUOTED_INCLUDE_IN_FRAMEWORK_HEADER = YES;
				CLANG_WARN_RANGE_LOOP_ANALYSIS = YES;
				CLANG_WARN_STRICT_PROTOTYPES = YES;
				CLANG_WARN_SUSPICIOUS_MOVE = YES;
				CLANG_WARN_UNGUARDED_AVAILABILITY = YES_AGGRESSIVE;
				CLANG_WARN_UNREACHABLE_CODE = YES;
				CLANG_WARN__DUPLICATE_METHOD_MATCH = YES;
				COPY_PHASE_STRIP = NO;
				DEBUG_INFORMATION_FORMAT = "dwarf-with-dsym";
				ENABLE_NS_ASSERTIONS = NO;
				ENABLE_STRICT_OBJC_MSGSEND = YES;
				ENABLE_USER_SCRIPT_SANDBOXING = YES;
				GCC_C_LANGUAGE_STANDARD = gnu17;
				GCC_NO_COMMON_BLOCKS = YES;
				GCC_WARN_64_TO_32_BIT_CONVERSION = YES;
				GCC_WARN_ABOUT_RETURN_TYPE = YES_ERROR;
				GCC_WARN_UNDECLARED_SELECTOR = YES;
				GCC_WARN_UNINITIALIZED_AUTOS = YES_AGGRESSIVE;
				GCC_WARN_UNUSED_FUNCTION = YES;
				GCC_WARN_UNUSED_VARIABLE = YES;
				LOCALIZATION_PREFERS_STRING_CATALOGS = YES;
				MTL_ENABLE_DEBUG_INFO = NO;
				MTL_FAST_MATH = YES;
				SWIFT_COMPILATION_MODE = wholemodule;
			};
			name = Release;
		};
		06FEE2062E16CB8500CC284A /* Debug */ = {
			isa = XCBuildConfiguration;
			baseConfigurationReference = BDD88A3045F32F4097B42E4F /* Pods-Kayak Rez.debug.xcconfig */;
			buildSettings = {
				ASSETCATALOG_COMPILER_APPICON_NAME = AppIcon;
				ASSETCATALOG_COMPILER_GLOBAL_ACCENT_COLOR_NAME = AccentColor;
				CODE_SIGN_ENTITLEMENTS = "Kayak Rez/Kayak_Rez.entitlements";
				CODE_SIGN_STYLE = Automatic;
				CURRENT_PROJECT_VERSION = 1;
				ENABLE_PREVIEWS = YES;
				GENERATE_INFOPLIST_FILE = YES;
				"INFOPLIST_KEY_UIApplicationSceneManifest_Generation[sdk=iphoneos*]" = YES;
				"INFOPLIST_KEY_UIApplicationSceneManifest_Generation[sdk=iphonesimulator*]" = YES;
				"INFOPLIST_KEY_UIApplicationSupportsIndirectInputEvents[sdk=iphoneos*]" = YES;
				"INFOPLIST_KEY_UIApplicationSupportsIndirectInputEvents[sdk=iphonesimulator*]" = YES;
				"INFOPLIST_KEY_UILaunchScreen_Generation[sdk=iphoneos*]" = YES;
				"INFOPLIST_KEY_UILaunchScreen_Generation[sdk=iphonesimulator*]" = YES;
				"INFOPLIST_KEY_UIStatusBarStyle[sdk=iphoneos*]" = UIStatusBarStyleDefault;
				"INFOPLIST_KEY_UIStatusBarStyle[sdk=iphonesimulator*]" = UIStatusBarStyleDefault;
				INFOPLIST_KEY_UISupportedInterfaceOrientations_iPad = "UIInterfaceOrientationPortrait UIInterfaceOrientationPortraitUpsideDown UIInterfaceOrientationLandscapeLeft UIInterfaceOrientationLandscapeRight";
				INFOPLIST_KEY_UISupportedInterfaceOrientations_iPhone = "UIInterfaceOrientationPortrait UIInterfaceOrientationLandscapeLeft UIInterfaceOrientationLandscapeRight";
				IPHONEOS_DEPLOYMENT_TARGET = 18.5;
				LD_RUNPATH_SEARCH_PATHS = "@executable_path/Frameworks";
				"LD_RUNPATH_SEARCH_PATHS[sdk=macosx*]" = "@executable_path/../Frameworks";
				MACOSX_DEPLOYMENT_TARGET = 15.4;
				MARKETING_VERSION = 1.0;
				PRODUCT_BUNDLE_IDENTIFIER = "com.skilabtr.Kayak-Rez";
				PRODUCT_NAME = "$(TARGET_NAME)";
				REGISTER_APP_GROUPS = YES;
				SDKROOT = auto;
				SUPPORTED_PLATFORMS = "iphoneos iphonesimulator macosx xros xrsimulator";
				SWIFT_EMIT_LOC_STRINGS = YES;
				SWIFT_VERSION = 5.0;
				TARGETED_DEVICE_FAMILY = "1,2,7";
				XROS_DEPLOYMENT_TARGET = 2.5;
			};
			name = Debug;
		};
		06FEE2072E16CB8500CC284A /* Release */ = {
			isa = XCBuildConfiguration;
			baseConfigurationReference = 20ABD1F4F8EDB6D17E7239A1 /* Pods-Kayak Rez.release.xcconfig */;
			buildSettings = {
				ASSETCATALOG_COMPILER_APPICON_NAME = AppIcon;
				ASSETCATALOG_COMPILER_GLOBAL_ACCENT_COLOR_NAME = AccentColor;
				CODE_SIGN_ENTITLEMENTS = "Kayak Rez/Kayak_Rez.entitlements";
				CODE_SIGN_STYLE = Automatic;
				CURRENT_PROJECT_VERSION = 1;
				ENABLE_PREVIEWS = YES;
				GENERATE_INFOPLIST_FILE = YES;
				"INFOPLIST_KEY_UIApplicationSceneManifest_Generation[sdk=iphoneos*]" = YES;
				"INFOPLIST_KEY_UIApplicationSceneManifest_Generation[sdk=iphonesimulator*]" = YES;
				"INFOPLIST_KEY_UIApplicationSupportsIndirectInputEvents[sdk=iphoneos*]" = YES;
				"INFOPLIST_KEY_UIApplicationSupportsIndirectInputEvents[sdk=iphonesimulator*]" = YES;
				"INFOPLIST_KEY_UILaunchScreen_Generation[sdk=iphoneos*]" = YES;
				"INFOPLIST_KEY_UILaunchScreen_Generation[sdk=iphonesimulator*]" = YES;
				"INFOPLIST_KEY_UIStatusBarStyle[sdk=iphoneos*]" = UIStatusBarStyleDefault;
				"INFOPLIST_KEY_UIStatusBarStyle[sdk=iphonesimulator*]" = UIStatusBarStyleDefault;
				INFOPLIST_KEY_UISupportedInterfaceOrientations_iPad = "UIInterfaceOrientationPortrait UIInterfaceOrientationPortraitUpsideDown UIInterfaceOrientationLandscapeLeft UIInterfaceOrientationLandscapeRight";
				INFOPLIST_KEY_UISupportedInterfaceOrientations_iPhone = "UIInterfaceOrientationPortrait UIInterfaceOrientationLandscapeLeft UIInterfaceOrientationLandscapeRight";
				IPHONEOS_DEPLOYMENT_TARGET = 18.5;
				LD_RUNPATH_SEARCH_PATHS = "@executable_path/Frameworks";
				"LD_RUNPATH_SEARCH_PATHS[sdk=macosx*]" = "@executable_path/../Frameworks";
				MACOSX_DEPLOYMENT_TARGET = 15.4;
				MARKETING_VERSION = 1.0;
				PRODUCT_BUNDLE_IDENTIFIER = "com.skilabtr.Kayak-Rez";
				PRODUCT_NAME = "$(TARGET_NAME)";
				REGISTER_APP_GROUPS = YES;
				SDKROOT = auto;
				SUPPORTED_PLATFORMS = "iphoneos iphonesimulator macosx xros xrsimulator";
				SWIFT_EMIT_LOC_STRINGS = YES;
				SWIFT_VERSION = 5.0;
				TARGETED_DEVICE_FAMILY = "1,2,7";
				XROS_DEPLOYMENT_TARGET = 2.5;
			};
			name = Release;
		};
		06FEE2092E16CB8500CC284A /* Debug */ = {
			isa = XCBuildConfiguration;
			buildSettings = {
				BUNDLE_LOADER = "$(TEST_HOST)";
				CODE_SIGN_STYLE = Automatic;
				CURRENT_PROJECT_VERSION = 1;
				GENERATE_INFOPLIST_FILE = YES;
				IPHONEOS_DEPLOYMENT_TARGET = 18.5;
				MACOSX_DEPLOYMENT_TARGET = 15.4;
				MARKETING_VERSION = 1.0;
				PRODUCT_BUNDLE_IDENTIFIER = "com.skilabtr.Kayak-RezTests";
				PRODUCT_NAME = "$(TARGET_NAME)";
				SDKROOT = auto;
				SUPPORTED_PLATFORMS = "iphoneos iphonesimulator macosx xros xrsimulator";
				SWIFT_EMIT_LOC_STRINGS = NO;
				SWIFT_VERSION = 5.0;
				TARGETED_DEVICE_FAMILY = "1,2,7";
				TEST_HOST = "$(BUILT_PRODUCTS_DIR)/Kayak Rez.app/$(BUNDLE_EXECUTABLE_FOLDER_PATH)/Kayak Rez";
				XROS_DEPLOYMENT_TARGET = 2.5;
			};
			name = Debug;
		};
		06FEE20A2E16CB8500CC284A /* Release */ = {
			isa = XCBuildConfiguration;
			buildSettings = {
				BUNDLE_LOADER = "$(TEST_HOST)";
				CODE_SIGN_STYLE = Automatic;
				CURRENT_PROJECT_VERSION = 1;
				GENERATE_INFOPLIST_FILE = YES;
				IPHONEOS_DEPLOYMENT_TARGET = 18.5;
				MACOSX_DEPLOYMENT_TARGET = 15.4;
				MARKETING_VERSION = 1.0;
				PRODUCT_BUNDLE_IDENTIFIER = "com.skilabtr.Kayak-RezTests";
				PRODUCT_NAME = "$(TARGET_NAME)";
				SDKROOT = auto;
				SUPPORTED_PLATFORMS = "iphoneos iphonesimulator macosx xros xrsimulator";
				SWIFT_EMIT_LOC_STRINGS = NO;
				SWIFT_VERSION = 5.0;
				TARGETED_DEVICE_FAMILY = "1,2,7";
				TEST_HOST = "$(BUILT_PRODUCTS_DIR)/Kayak Rez.app/$(BUNDLE_EXECUTABLE_FOLDER_PATH)/Kayak Rez";
				XROS_DEPLOYMENT_TARGET = 2.5;
			};
			name = Release;
		};
		06FEE20C2E16CB8500CC284A /* Debug */ = {
			isa = XCBuildConfiguration;
			buildSettings = {
				CODE_SIGN_STYLE = Automatic;
				CURRENT_PROJECT_VERSION = 1;
				GENERATE_INFOPLIST_FILE = YES;
				IPHONEOS_DEPLOYMENT_TARGET = 18.5;
				MACOSX_DEPLOYMENT_TARGET = 15.4;
				MARKETING_VERSION = 1.0;
				PRODUCT_BUNDLE_IDENTIFIER = "com.skilabtr.Kayak-RezUITests";
				PRODUCT_NAME = "$(TARGET_NAME)";
				SDKROOT = auto;
				SUPPORTED_PLATFORMS = "iphoneos iphonesimulator macosx xros xrsimulator";
				SWIFT_EMIT_LOC_STRINGS = NO;
				SWIFT_VERSION = 5.0;
				TARGETED_DEVICE_FAMILY = "1,2,7";
				TEST_TARGET_NAME = "Kayak Rez";
				XROS_DEPLOYMENT_TARGET = 2.5;
			};
			name = Debug;
		};
		06FEE20D2E16CB8500CC284A /* Release */ = {
			isa = XCBuildConfiguration;
			buildSettings = {
				CODE_SIGN_STYLE = Automatic;
				CURRENT_PROJECT_VERSION = 1;
				GENERATE_INFOPLIST_FILE = YES;
				IPHONEOS_DEPLOYMENT_TARGET = 18.5;
				MACOSX_DEPLOYMENT_TARGET = 15.4;
				MARKETING_VERSION = 1.0;
				PRODUCT_BUNDLE_IDENTIFIER = "com.skilabtr.Kayak-RezUITests";
				PRODUCT_NAME = "$(TARGET_NAME)";
				SDKROOT = auto;
				SUPPORTED_PLATFORMS = "iphoneos iphonesimulator macosx xros xrsimulator";
				SWIFT_EMIT_LOC_STRINGS = NO;
				SWIFT_VERSION = 5.0;
				TARGETED_DEVICE_FAMILY = "1,2,7";
				TEST_TARGET_NAME = "Kayak Rez";
				XROS_DEPLOYMENT_TARGET = 2.5;
			};
			name = Release;
		};
/* End XCBuildConfiguration section */

/* Begin XCConfigurationList section */
		06FEE1DE2E16CB8300CC284A /* Build configuration list for PBXProject "Kayak Rez" */ = {
			isa = XCConfigurationList;
			buildConfigurations = (
				06FEE2032E16CB8500CC284A /* Debug */,
				06FEE2042E16CB8500CC284A /* Release */,
			);
			defaultConfigurationIsVisible = 0;
			defaultConfigurationName = Release;
		};
		06FEE2052E16CB8500CC284A /* Build configuration list for PBXNativeTarget "Kayak Rez" */ = {
			isa = XCConfigurationList;
			buildConfigurations = (
				06FEE2062E16CB8500CC284A /* Debug */,
				06FEE2072E16CB8500CC284A /* Release */,
			);
			defaultConfigurationIsVisible = 0;
			defaultConfigurationName = Release;
		};
		06FEE2082E16CB8500CC284A /* Build configuration list for PBXNativeTarget "Kayak RezTests" */ = {
			isa = XCConfigurationList;
			buildConfigurations = (
				06FEE2092E16CB8500CC284A /* Debug */,
				06FEE20A2E16CB8500CC284A /* Release */,
			);
			defaultConfigurationIsVisible = 0;
			defaultConfigurationName = Release;
		};
		06FEE20B2E16CB8500CC284A /* Build configuration list for PBXNativeTarget "Kayak RezUITests" */ = {
			isa = XCConfigurationList;
			buildConfigurations = (
				06FEE20C2E16CB8500CC284A /* Debug */,
				06FEE20D2E16CB8500CC284A /* Release */,
			);
			defaultConfigurationIsVisible = 0;
			defaultConfigurationName = Release;
		};
/* End XCConfigurationList section */

/* Begin XCRemoteSwiftPackageReference section */
		06FEE2122E16D4DE00CC284A /* XCRemoteSwiftPackageReference "firebase-ios-sdk" */ = {
			isa = XCRemoteSwiftPackageReference;
			repositoryURL = "https://github.com/firebase/firebase-ios-sdk";
			requirement = {
				kind = upToNextMajorVersion;
				minimumVersion = 11.15.0;
			};
		};
/* End XCRemoteSwiftPackageReference section */

/* Begin XCSwiftPackageProductDependency section */
		06FEE2132E16D4DE00CC284A /* FirebaseAuth */ = {
			isa = XCSwiftPackageProductDependency;
			package = 06FEE2122E16D4DE00CC284A /* XCRemoteSwiftPackageReference "firebase-ios-sdk" */;
			productName = FirebaseAuth;
		};
		06FEE2152E16D4DE00CC284A /* FirebaseCore */ = {
			isa = XCSwiftPackageProductDependency;
			package = 06FEE2122E16D4DE00CC284A /* XCRemoteSwiftPackageReference "firebase-ios-sdk" */;
			productName = FirebaseCore;
		};
		06FEE2172E16D4DE00CC284A /* FirebaseFirestore */ = {
			isa = XCSwiftPackageProductDependency;
			package = 06FEE2122E16D4DE00CC284A /* XCRemoteSwiftPackageReference "firebase-ios-sdk" */;
			productName = FirebaseFirestore;
		};
/* End XCSwiftPackageProductDependency section */
	};
	rootObject = 06FEE1DB2E16CB8300CC284A /* Project object */;
}
